
Microsoft Visual Studio Solution File, Format Version 12.00
# Visual Studio Version 17
VisualStudioVersion = 17.14.36327.8
MinimumVisualStudioVersion = 10.0.40219.1
Project("{FAE04EC0-301F-11D3-BF4B-00C04F79EFBC}") = "40. Dizi Tanımlama ve Eleman Yazdırma", "06_Diziler\40. Dizi Tanımlama ve Eleman Yazdırma\40. Dizi Tanımlama ve Eleman Yazdırma.csproj", "{43738AF2-59E3-4A36-AFA9-159C0CCC6C99}"
EndProject
Project("{2150E333-8FDC-42A3-9474-1A3956D46DE8}") = "06_Diziler", "06_Diziler", "{02EA681E-C7D8-13C7-8484-4AC65E1B71E8}"
EndProject
Project("{FAE04EC0-301F-11D3-BF4B-00C04F79EFBC}") = "41. Dizi Elemanları Listeleme", "06_Diziler\41. Dizi Elemanları Listeleme\41. Dizi Elemanları Listeleme.csproj", "{20B4701D-C416-44FD-9964-ED63CC2FAF70}"
EndProject
Project("{FAE04EC0-301F-11D3-BF4B-00C04F79EFBC}") = "42. Foreach Döngüsü", "06_Diziler\42. Foreach Döngüsü\42. Foreach Döngüsü.csproj", "{D5109CAA-34CA-4E6F-8DB2-3FE5E4EDC0F9}"
EndProject
Project("{2150E333-8FDC-42A3-9474-1A3956D46DE8}") = "07_Metotlar", "07_Metotlar", "{D8006B67-5FC4-4149-BEBD-AB2256586770}"
EndProject
Project("{FAE04EC0-301F-11D3-BF4B-00C04F79EFBC}") = "44. Geriye Değer Döndürmeyen Metotlar", "07_Metotlar\44. Geriye Değer Döndürmeyen Metotlar\44. Geriye Değer Döndürmeyen Metotlar.csproj", "{4B9C7701-1D9D-48FC-8BB1-971D5DB841C5}"
EndProject
Project("{FAE04EC0-301F-11D3-BF4B-00C04F79EFBC}") = "45. Geriye Değer Döndüren Metotlar", "07_Metotlar\45. Geriye Değer Döndüren Metotlar\45. Geriye Değer Döndüren Metotlar.csproj", "{B633C990-66D8-42BE-A55E-7FCB4FAD12BE}"
EndProject
Project("{FAE04EC0-301F-11D3-BF4B-00C04F79EFBC}") = "46. Pratik Örnek - Küp Hesaplayan Metot", "07_Metotlar\46. Pratik Örnek - Küp Hesaplayan Metot\46. Pratik Örnek - Küp Hesaplayan Metot.csproj", "{F4894822-A747-4A00-8EBA-2DE49606D050}"
EndProject
Project("{2150E333-8FDC-42A3-9474-1A3956D46DE8}") = "08_Sınıflar", "08_Sınıflar", "{19B9AB2C-AD7C-4E4D-854A-EFD7FB4A21A8}"
EndProject
Project("{2150E333-8FDC-42A3-9474-1A3956D46DE8}") = "09_Ekstra Araçlar", "09_Ekstra Araçlar", "{7D035AD9-7B64-429B-94EA-2A58EBD9333B}"
EndProject
Project("{2150E333-8FDC-42A3-9474-1A3956D46DE8}") = "10_Ekstra Yapılar", "10_Ekstra Yapılar", "{E6470A09-C759-4F1A-B6A7-39CE942D9147}"
EndProject
Global
	GlobalSection(SolutionConfigurationPlatforms) = preSolution
		Debug|Any CPU = Debug|Any CPU
		Release|Any CPU = Release|Any CPU
	EndGlobalSection
	GlobalSection(ProjectConfigurationPlatforms) = postSolution
		{43738AF2-59E3-4A36-AFA9-159C0CCC6C99}.Debug|Any CPU.ActiveCfg = Debug|Any CPU
		{43738AF2-59E3-4A36-AFA9-159C0CCC6C99}.Debug|Any CPU.Build.0 = Debug|Any CPU
		{43738AF2-59E3-4A36-AFA9-159C0CCC6C99}.Release|Any CPU.ActiveCfg = Release|Any CPU
		{43738AF2-59E3-4A36-AFA9-159C0CCC6C99}.Release|Any CPU.Build.0 = Release|Any CPU
		{20B4701D-C416-44FD-9964-ED63CC2FAF70}.Debug|Any CPU.ActiveCfg = Debug|Any CPU
		{20B4701D-C416-44FD-9964-ED63CC2FAF70}.Debug|Any CPU.Build.0 = Debug|Any CPU
		{20B4701D-C416-44FD-9964-ED63CC2FAF70}.Release|Any CPU.ActiveCfg = Release|Any CPU
		{20B4701D-C416-44FD-9964-ED63CC2FAF70}.Release|Any CPU.Build.0 = Release|Any CPU
		{D5109CAA-34CA-4E6F-8DB2-3FE5E4EDC0F9}.Debug|Any CPU.ActiveCfg = Debug|Any CPU
		{D5109CAA-34CA-4E6F-8DB2-3FE5E4EDC0F9}.Debug|Any CPU.Build.0 = Debug|Any CPU
		{D5109CAA-34CA-4E6F-8DB2-3FE5E4EDC0F9}.Release|Any CPU.ActiveCfg = Release|Any CPU
		{D5109CAA-34CA-4E6F-8DB2-3FE5E4EDC0F9}.Release|Any CPU.Build.0 = Release|Any CPU
		{4B9C7701-1D9D-48FC-8BB1-971D5DB841C5}.Debug|Any CPU.ActiveCfg = Debug|Any CPU
		{4B9C7701-1D9D-48FC-8BB1-971D5DB841C5}.Debug|Any CPU.Build.0 = Debug|Any CPU
		{4B9C7701-1D9D-48FC-8BB1-971D5DB841C5}.Release|Any CPU.ActiveCfg = Release|Any CPU
		{4B9C7701-1D9D-48FC-8BB1-971D5DB841C5}.Release|Any CPU.Build.0 = Release|Any CPU
		{B633C990-66D8-42BE-A55E-7FCB4FAD12BE}.Debug|Any CPU.ActiveCfg = Debug|Any CPU
		{B633C990-66D8-42BE-A55E-7FCB4FAD12BE}.Debug|Any CPU.Build.0 = Debug|Any CPU
		{B633C990-66D8-42BE-A55E-7FCB4FAD12BE}.Release|Any CPU.ActiveCfg = Release|Any CPU
		{B633C990-66D8-42BE-A55E-7FCB4FAD12BE}.Release|Any CPU.Build.0 = Release|Any CPU
		{F4894822-A747-4A00-8EBA-2DE49606D050}.Debug|Any CPU.ActiveCfg = Debug|Any CPU
		{F4894822-A747-4A00-8EBA-2DE49606D050}.Debug|Any CPU.Build.0 = Debug|Any CPU
		{F4894822-A747-4A00-8EBA-2DE49606D050}.Release|Any CPU.ActiveCfg = Release|Any CPU
		{F4894822-A747-4A00-8EBA-2DE49606D050}.Release|Any CPU.Build.0 = Release|Any CPU
	EndGlobalSection
	GlobalSection(SolutionProperties) = preSolution
		HideSolutionNode = FALSE
	EndGlobalSection
	GlobalSection(NestedProjects) = preSolution
		{43738AF2-59E3-4A36-AFA9-159C0CCC6C99} = {02EA681E-C7D8-13C7-8484-4AC65E1B71E8}
		{20B4701D-C416-44FD-9964-ED63CC2FAF70} = {02EA681E-C7D8-13C7-8484-4AC65E1B71E8}
		{D5109CAA-34CA-4E6F-8DB2-3FE5E4EDC0F9} = {02EA681E-C7D8-13C7-8484-4AC65E1B71E8}
		{4B9C7701-1D9D-48FC-8BB1-971D5DB841C5} = {D8006B67-5FC4-4149-BEBD-AB2256586770}
		{B633C990-66D8-42BE-A55E-7FCB4FAD12BE} = {D8006B67-5FC4-4149-BEBD-AB2256586770}
		{F4894822-A747-4A00-8EBA-2DE49606D050} = {D8006B67-5FC4-4149-BEBD-AB2256586770}
	EndGlobalSection
	GlobalSection(ExtensibilityGlobals) = postSolution
		SolutionGuid = {F9C95629-4210-4274-9D74-B505415D736E}
	EndGlobalSection
EndGlobal
